
Microsoft Visual Studio Solution File, Format Version 12.00
# Visual Studio 2013
VisualStudioVersion = 12.0.31101.0
MinimumVisualStudioVersion = 10.0.40219.1
Project("{2150E333-8FDC-42A3-9474-1A3956D46DE8}") = "DesignPatterns", "DesignPatterns", "{814A6129-FA7A-4664-BCBE-A25D398EF688}"
EndProject
Project("{FAE04EC0-301F-11D3-BF4B-00C04F79EFBC}") = "Builder", "DesignPatterns\Builder\Builder.csproj", "{D6FB26B8-B612-4025-B69F-7E425A6965B0}"
EndProject
Project("{FAE04EC0-301F-11D3-BF4B-00C04F79EFBC}") = "FactoryMethod", "DesignPatterns\FactoryMethod\FactoryMethod.csproj", "{73150F75-32A7-4F3E-8973-DA0A5DDF072B}"
EndProject
Project("{FAE04EC0-301F-11D3-BF4B-00C04F79EFBC}") = "SimpleFactory", "DesignPatterns\SimpleFactory\SimpleFactory.csproj", "{3757FFD6-0AB2-4838-B992-626E9221853A}"
EndProject
Project("{FAE04EC0-301F-11D3-BF4B-00C04F79EFBC}") = "AbstractFactory", "DesignPatterns\AbstractFactory\AbstractFactory.csproj", "{675628FE-5CF0-45B2-BC98-BEA2FBD43545}"
EndProject
Project("{FAE04EC0-301F-11D3-BF4B-00C04F79EFBC}") = "Singleton", "DesignPatterns\Singleton\Singleton.csproj", "{93036247-8980-409F-BEF1-1DA5A1ADBC57}"
EndProject
Project("{FAE04EC0-301F-11D3-BF4B-00C04F79EFBC}") = "Prototype", "DesignPatterns\Prototype\Prototype.csproj", "{05ABBAD5-A7FA-48B7-A07B-DB323E63006E}"
EndProject
Project("{FAE04EC0-301F-11D3-BF4B-00C04F79EFBC}") = "Adapter", "DesignPatterns\Adapter\Adapter.csproj", "{75988E16-5E40-435D-9485-8BC44760E455}"
EndProject
Project("{FAE04EC0-301F-11D3-BF4B-00C04F79EFBC}") = "Bridge", "DesignPatterns\Bridge\Bridge.csproj", "{AFE59A9B-89D4-445B-BD18-928C8A1AE471}"
EndProject
Project("{FAE04EC0-301F-11D3-BF4B-00C04F79EFBC}") = "Composite", "DesignPatterns\Composite\Composite.csproj", "{646862C7-A2F2-4C44-BF09-B2FA0F3B76D2}"
EndProject
Project("{FAE04EC0-301F-11D3-BF4B-00C04F79EFBC}") = "Decorator", "DesignPatterns\Decorator\Decorator.csproj", "{AC10640B-C69E-4F13-8CF2-2B98562E0CB8}"
EndProject
Global
	GlobalSection(SolutionConfigurationPlatforms) = preSolution
		Debug|Any CPU = Debug|Any CPU
		Release|Any CPU = Release|Any CPU
	EndGlobalSection
	GlobalSection(ProjectConfigurationPlatforms) = postSolution
		{D6FB26B8-B612-4025-B69F-7E425A6965B0}.Debug|Any CPU.ActiveCfg = Debug|Any CPU
		{D6FB26B8-B612-4025-B69F-7E425A6965B0}.Debug|Any CPU.Build.0 = Debug|Any CPU
		{D6FB26B8-B612-4025-B69F-7E425A6965B0}.Release|Any CPU.ActiveCfg = Release|Any CPU
		{D6FB26B8-B612-4025-B69F-7E425A6965B0}.Release|Any CPU.Build.0 = Release|Any CPU
		{73150F75-32A7-4F3E-8973-DA0A5DDF072B}.Debug|Any CPU.ActiveCfg = Debug|Any CPU
		{73150F75-32A7-4F3E-8973-DA0A5DDF072B}.Debug|Any CPU.Build.0 = Debug|Any CPU
		{73150F75-32A7-4F3E-8973-DA0A5DDF072B}.Release|Any CPU.ActiveCfg = Release|Any CPU
		{73150F75-32A7-4F3E-8973-DA0A5DDF072B}.Release|Any CPU.Build.0 = Release|Any CPU
		{3757FFD6-0AB2-4838-B992-626E9221853A}.Debug|Any CPU.ActiveCfg = Debug|Any CPU
		{3757FFD6-0AB2-4838-B992-626E9221853A}.Debug|Any CPU.Build.0 = Debug|Any CPU
		{3757FFD6-0AB2-4838-B992-626E9221853A}.Release|Any CPU.ActiveCfg = Release|Any CPU
		{3757FFD6-0AB2-4838-B992-626E9221853A}.Release|Any CPU.Build.0 = Release|Any CPU
		{675628FE-5CF0-45B2-BC98-BEA2FBD43545}.Debug|Any CPU.ActiveCfg = Debug|Any CPU
		{675628FE-5CF0-45B2-BC98-BEA2FBD43545}.Debug|Any CPU.Build.0 = Debug|Any CPU
		{675628FE-5CF0-45B2-BC98-BEA2FBD43545}.Release|Any CPU.ActiveCfg = Release|Any CPU
		{675628FE-5CF0-45B2-BC98-BEA2FBD43545}.Release|Any CPU.Build.0 = Release|Any CPU
		{93036247-8980-409F-BEF1-1DA5A1ADBC57}.Debug|Any CPU.ActiveCfg = Debug|Any CPU
		{93036247-8980-409F-BEF1-1DA5A1ADBC57}.Debug|Any CPU.Build.0 = Debug|Any CPU
		{93036247-8980-409F-BEF1-1DA5A1ADBC57}.Release|Any CPU.ActiveCfg = Release|Any CPU
		{93036247-8980-409F-BEF1-1DA5A1ADBC57}.Release|Any CPU.Build.0 = Release|Any CPU
		{05ABBAD5-A7FA-48B7-A07B-DB323E63006E}.Debug|Any CPU.ActiveCfg = Debug|Any CPU
		{05ABBAD5-A7FA-48B7-A07B-DB323E63006E}.Debug|Any CPU.Build.0 = Debug|Any CPU
		{05ABBAD5-A7FA-48B7-A07B-DB323E63006E}.Release|Any CPU.ActiveCfg = Release|Any CPU
		{05ABBAD5-A7FA-48B7-A07B-DB323E63006E}.Release|Any CPU.Build.0 = Release|Any CPU
		{75988E16-5E40-435D-9485-8BC44760E455}.Debug|Any CPU.ActiveCfg = Debug|Any CPU
		{75988E16-5E40-435D-9485-8BC44760E455}.Debug|Any CPU.Build.0 = Debug|Any CPU
		{75988E16-5E40-435D-9485-8BC44760E455}.Release|Any CPU.ActiveCfg = Release|Any CPU
		{75988E16-5E40-435D-9485-8BC44760E455}.Release|Any CPU.Build.0 = Release|Any CPU
		{AFE59A9B-89D4-445B-BD18-928C8A1AE471}.Debug|Any CPU.ActiveCfg = Debug|Any CPU
		{AFE59A9B-89D4-445B-BD18-928C8A1AE471}.Debug|Any CPU.Build.0 = Debug|Any CPU
		{AFE59A9B-89D4-445B-BD18-928C8A1AE471}.Release|Any CPU.ActiveCfg = Release|Any CPU
		{AFE59A9B-89D4-445B-BD18-928C8A1AE471}.Release|Any CPU.Build.0 = Release|Any CPU
		{646862C7-A2F2-4C44-BF09-B2FA0F3B76D2}.Debug|Any CPU.ActiveCfg = Debug|Any CPU
		{646862C7-A2F2-4C44-BF09-B2FA0F3B76D2}.Debug|Any CPU.Build.0 = Debug|Any CPU
		{646862C7-A2F2-4C44-BF09-B2FA0F3B76D2}.Release|Any CPU.ActiveCfg = Release|Any CPU
		{646862C7-A2F2-4C44-BF09-B2FA0F3B76D2}.Release|Any CPU.Build.0 = Release|Any CPU
		{AC10640B-C69E-4F13-8CF2-2B98562E0CB8}.Debug|Any CPU.ActiveCfg = Debug|Any CPU
		{AC10640B-C69E-4F13-8CF2-2B98562E0CB8}.Debug|Any CPU.Build.0 = Debug|Any CPU
		{AC10640B-C69E-4F13-8CF2-2B98562E0CB8}.Release|Any CPU.ActiveCfg = Release|Any CPU
		{AC10640B-C69E-4F13-8CF2-2B98562E0CB8}.Release|Any CPU.Build.0 = Release|Any CPU
	EndGlobalSection
	GlobalSection(SolutionProperties) = preSolution
		HideSolutionNode = FALSE
	EndGlobalSection
	GlobalSection(NestedProjects) = preSolution
		{D6FB26B8-B612-4025-B69F-7E425A6965B0} = {814A6129-FA7A-4664-BCBE-A25D398EF688}
		{73150F75-32A7-4F3E-8973-DA0A5DDF072B} = {814A6129-FA7A-4664-BCBE-A25D398EF688}
		{3757FFD6-0AB2-4838-B992-626E9221853A} = {814A6129-FA7A-4664-BCBE-A25D398EF688}
		{675628FE-5CF0-45B2-BC98-BEA2FBD43545} = {814A6129-FA7A-4664-BCBE-A25D398EF688}
		{93036247-8980-409F-BEF1-1DA5A1ADBC57} = {814A6129-FA7A-4664-BCBE-A25D398EF688}
		{05ABBAD5-A7FA-48B7-A07B-DB323E63006E} = {814A6129-FA7A-4664-BCBE-A25D398EF688}
		{75988E16-5E40-435D-9485-8BC44760E455} = {814A6129-FA7A-4664-BCBE-A25D398EF688}
		{AFE59A9B-89D4-445B-BD18-928C8A1AE471} = {814A6129-FA7A-4664-BCBE-A25D398EF688}
		{646862C7-A2F2-4C44-BF09-B2FA0F3B76D2} = {814A6129-FA7A-4664-BCBE-A25D398EF688}
		{AC10640B-C69E-4F13-8CF2-2B98562E0CB8} = {814A6129-FA7A-4664-BCBE-A25D398EF688}
	EndGlobalSection
EndGlobal
